
Microsoft Visual Studio Solution File, Format Version 12.00
# Visual Studio 2013
VisualStudioVersion = 12.0.21005.1
MinimumVisualStudioVersion = 10.0.40219.1
Project("{FAE04EC0-301F-11D3-BF4B-00C04F79EFBC}") = "JpegRecovery", "JpegRecovery\JpegRecovery.csproj", "{C494F766-2165-4056-BE22-8DCF925CD468}"
EndProject
Project("{2150E333-8FDC-42A3-9474-1A3956D46DE8}") = "Solution Items", "Solution Items", "{CA825F22-B82A-4644-93E7-DDB1A3EA2ED1}"
EndProject
Global
	GlobalSection(SolutionConfigurationPlatforms) = preSolution
		Debug|Any CPU = Debug|Any CPU
		Release|Any CPU = Release|Any CPU
	EndGlobalSection
	GlobalSection(ProjectConfigurationPlatforms) = postSolution
		{C494F766-2165-4056-BE22-8DCF925CD468}.Debug|Any CPU.ActiveCfg = Debug|Any CPU
		{C494F766-2165-4056-BE22-8DCF925CD468}.Debug|Any CPU.Build.0 = Debug|Any CPU
		{C494F766-2165-4056-BE22-8DCF925CD468}.Release|Any CPU.ActiveCfg = Release|Any CPU
		{C494F766-2165-4056-BE22-8DCF925CD468}.Release|Any CPU.Build.0 = Release|Any CPU
	EndGlobalSection
	GlobalSection(SolutionProperties) = preSolution
		HideSolutionNode = FALSE
	EndGlobalSection
EndGlobal
